<?xml version="1.0" encoding="utf-8"?>
<Project ToolsVersion="4.0" xmlns="http://schemas.microsoft.com/developer/msbuild/2003">
  <ItemGroup>
    <Filter Include="리소스 파일">
      <UniqueIdentifier>{67DA6AB6-F800-4c08-8B7A-83BB121AAD01}</UniqueIdentifier>
      <Extensions>rc;ico;cur;bmp;dlg;rc2;rct;bin;rgs;gif;jpg;jpeg;jpe;resx;tiff;tif;png;wav;mfcribbon-ms</Extensions>
    </Filter>
    <Filter Include="System">
      <UniqueIdentifier>{60f6343c-9fc9-496b-ae67-9e889755da45}</UniqueIdentifier>
    </Filter>
    <Filter Include="System\input">
      <UniqueIdentifier>{51abdff2-88bc-4fce-ac02-04437c4859d1}</UniqueIdentifier>
    </Filter>
    <Filter Include="System\render">
      <UniqueIdentifier>{ef84e358-9a52-4196-a409-de8bd1d23fd5}</UniqueIdentifier>
    </Filter>
  </ItemGroup>
  <ItemGroup>
    <ClCompile Include="main.cpp" />
    <ClCompile Include="System\window.cpp">
      <Filter>System</Filter>
    </ClCompile>
    <ClCompile Include="System\d3dclass.cpp">
      <Filter>System</Filter>
    </ClCompile>
    <ClCompile Include="System\input.cpp">
      <Filter>System</Filter>
    </ClCompile>
    <ClCompile Include="System\System.cpp">
      <Filter>System</Filter>
    </ClCompile>
    <ClCompile Include="System\graphics.cpp">
      <Filter>System</Filter>
    </ClCompile>
    <ClCompile Include="System\render\camera.cpp">
      <Filter>System\render</Filter>
    </ClCompile>
    <ClCompile Include="System\render\model.cpp">
      <Filter>System\render</Filter>
    </ClCompile>
    <ClCompile Include="System\wndDescription.cpp">
      <Filter>System</Filter>
    </ClCompile>
    <ClCompile Include="System\render\colorshaderclass.cpp">
      <Filter>System\render</Filter>
    </ClCompile>
  </ItemGroup>
  <ItemGroup>
    <ClInclude Include="stdafx.h" />
    <ClInclude Include="resource.h" />
    <ClInclude Include="System\window.h">
      <Filter>System</Filter>
    </ClInclude>
    <ClInclude Include="System\d3dclass.h">
      <Filter>System</Filter>
    </ClInclude>
    <ClInclude Include="System\input.h">
      <Filter>System</Filter>
    </ClInclude>
    <ClInclude Include="System\System.h">
      <Filter>System</Filter>
    </ClInclude>
    <ClInclude Include="System\graphics.h">
      <Filter>System</Filter>
    </ClInclude>
    <ClInclude Include="System\singleton.h">
      <Filter>System</Filter>
    </ClInclude>
    <ClInclude Include="System\render\renafx.h">
      <Filter>System\render</Filter>
    </ClInclude>
    <ClInclude Include="System\render\camera.h">
      <Filter>System\render</Filter>
    </ClInclude>
    <ClInclude Include="System\render\model.h">
      <Filter>System\render</Filter>
    </ClInclude>
    <ClInclude Include="System\wndDescription.h">
      <Filter>System</Filter>
    </ClInclude>
    <ClInclude Include="System\render\colorshaderclass.h">
      <Filter>System\render</Filter>
    </ClInclude>
  </ItemGroup>
  <ItemGroup>
    <ResourceCompile Include="Project1.rc">
      <Filter>리소스 파일</Filter>
    </ResourceCompile>
  </ItemGroup>
</Project>