<?xml version="1.0" encoding="utf-8"?>
<Project ToolsVersion="4.0" xmlns="http://schemas.microsoft.com/developer/msbuild/2003">
  <ItemGroup>
    <Filter Include="리소스 파일">
      <UniqueIdentifier>{67DA6AB6-F800-4c08-8B7A-83BB121AAD01}</UniqueIdentifier>
      <Extensions>rc;ico;cur;bmp;dlg;rc2;rct;bin;rgs;gif;jpg;jpeg;jpe;resx;tiff;tif;png;wav;mfcribbon-ms</Extensions>
    </Filter>
    <Filter Include="Render">
      <UniqueIdentifier>{dcba2189-72d1-4479-a546-c1aac7bc545c}</UniqueIdentifier>
    </Filter>
    <Filter Include="Utility">
      <UniqueIdentifier>{da908ee7-3b37-46f8-96ca-d7b35cc08da0}</UniqueIdentifier>
    </Filter>
    <Filter Include="Lighting">
      <UniqueIdentifier>{63a5a447-6989-4afd-aaae-4438e9044be0}</UniqueIdentifier>
    </Filter>
    <Filter Include="Window">
      <UniqueIdentifier>{60f6343c-9fc9-496b-ae67-9e889755da45}</UniqueIdentifier>
    </Filter>
    <Filter Include="inputController">
      <UniqueIdentifier>{d512aafe-d3ba-402d-8007-ddb98306bdd7}</UniqueIdentifier>
    </Filter>
    <Filter Include="System">
      <UniqueIdentifier>{0a4efc09-fd52-4c01-9425-8a9915588b6b}</UniqueIdentifier>
    </Filter>
  </ItemGroup>
  <ItemGroup>
    <ClCompile Include="main.cpp" />
    <ClCompile Include="Render\camera.cpp">
      <Filter>Render</Filter>
    </ClCompile>
    <ClCompile Include="Render\model.cpp">
      <Filter>Render</Filter>
    </ClCompile>
    <ClCompile Include="Render\textureshader.cpp">
      <Filter>Render</Filter>
    </ClCompile>
    <ClCompile Include="Utility\renderTransformation.cpp">
      <Filter>Utility</Filter>
    </ClCompile>
    <ClCompile Include="Utility\wndDescription.cpp">
      <Filter>Utility</Filter>
    </ClCompile>
    <ClCompile Include="Render\loadObjFile.cpp">
      <Filter>Render</Filter>
    </ClCompile>
    <ClCompile Include="lighting\lightclass.cpp">
      <Filter>Lighting</Filter>
    </ClCompile>
    <ClCompile Include="lighting\lightshader.cpp">
      <Filter>Lighting</Filter>
    </ClCompile>
    <ClCompile Include="Window\d3dclass.cpp">
      <Filter>Window</Filter>
    </ClCompile>
    <ClCompile Include="Window\graphics.cpp">
      <Filter>Window</Filter>
    </ClCompile>
    <ClCompile Include="Window\input.cpp">
      <Filter>Window</Filter>
    </ClCompile>
    <ClCompile Include="Window\System.cpp">
      <Filter>Window</Filter>
    </ClCompile>
    <ClCompile Include="Window\window.cpp">
      <Filter>Window</Filter>
    </ClCompile>
    <ClCompile Include="Utility\DDSTextureLoader.cpp">
      <Filter>Utility</Filter>
    </ClCompile>
    <ClCompile Include="inputController\Mouse.cpp">
      <Filter>inputController</Filter>
    </ClCompile>
    <ClCompile Include="inputController\Keyboard.cpp">
      <Filter>inputController</Filter>
    </ClCompile>
    <ClCompile Include="Render\cameraControler.cpp">
      <Filter>Render</Filter>
    </ClCompile>
    <ClCompile Include="System\Time.cpp">
      <Filter>System</Filter>
    </ClCompile>
  </ItemGroup>
  <ItemGroup>
    <ClInclude Include="resource.h" />
    <ClInclude Include="Render\camera.h">
      <Filter>Render</Filter>
    </ClInclude>
    <ClInclude Include="Render\model.h">
      <Filter>Render</Filter>
    </ClInclude>
    <ClInclude Include="Render\textureshader.h">
      <Filter>Render</Filter>
    </ClInclude>
    <ClInclude Include="Utility\objectDescription.h">
      <Filter>Utility</Filter>
    </ClInclude>
    <ClInclude Include="Utility\renafx.h">
      <Filter>Utility</Filter>
    </ClInclude>
    <ClInclude Include="Utility\renderTransformation.h">
      <Filter>Utility</Filter>
    </ClInclude>
    <ClInclude Include="Utility\stdafx.h">
      <Filter>Utility</Filter>
    </ClInclude>
    <ClInclude Include="Utility\wndDescription.h">
      <Filter>Utility</Filter>
    </ClInclude>
    <ClInclude Include="Render\loadObjFile.h">
      <Filter>Render</Filter>
    </ClInclude>
    <ClInclude Include="lighting\lightshader.h">
      <Filter>Lighting</Filter>
    </ClInclude>
    <ClInclude Include="lighting\lightclass.h">
      <Filter>Lighting</Filter>
    </ClInclude>
    <ClInclude Include="Window\d3dclass.h">
      <Filter>Window</Filter>
    </ClInclude>
    <ClInclude Include="Window\graphics.h">
      <Filter>Window</Filter>
    </ClInclude>
    <ClInclude Include="Window\input.h">
      <Filter>Window</Filter>
    </ClInclude>
    <ClInclude Include="Window\System.h">
      <Filter>Window</Filter>
    </ClInclude>
    <ClInclude Include="Window\window.h">
      <Filter>Window</Filter>
    </ClInclude>
    <ClInclude Include="Utility\singleton.h">
      <Filter>Utility</Filter>
    </ClInclude>
    <ClInclude Include="Utility\AlignedAllocationPolicy.h">
      <Filter>Utility</Filter>
    </ClInclude>
    <ClInclude Include="Utility\DDSTextureLoader.h">
      <Filter>Utility</Filter>
    </ClInclude>
    <ClInclude Include="inputController\Mouse.h">
      <Filter>inputController</Filter>
    </ClInclude>
    <ClInclude Include="inputController\Keyboard.h">
      <Filter>inputController</Filter>
    </ClInclude>
    <ClInclude Include="Render\cameraControler.h">
      <Filter>Render</Filter>
    </ClInclude>
    <ClInclude Include="System\Time.h">
      <Filter>System</Filter>
    </ClInclude>
  </ItemGroup>
  <ItemGroup>
    <ResourceCompile Include="Project1.rc">
      <Filter>리소스 파일</Filter>
    </ResourceCompile>
  </ItemGroup>
</Project>