
Microsoft Visual Studio Solution File, Format Version 12.00
# Visual Studio 15
VisualStudioVersion = 15.0.28307.271
MinimumVisualStudioVersion = 10.0.40219.1
Project("{8BC9CEB8-8B4A-11D0-8D11-00A0C91BC942}") = "Project1", "Project1\Project1.vcxproj", "{007B491E-E2B8-4BE9-ADF8-814B27F6F25B}"
EndProject
Project("{8BC9CEB8-8B4A-11D0-8D11-00A0C91BC942}") = "Utility", "Utility\Utility.vcxproj", "{C854165A-647E-46DA-BD66-B3036275C560}"
EndProject
Project("{8BC9CEB8-8B4A-11D0-8D11-00A0C91BC942}") = "LoadFile", "LoadFile\LoadFile.vcxproj", "{D0A50A8B-79C3-4639-BFE1-1C5297FD1C65}"
EndProject
Project("{8BC9CEB8-8B4A-11D0-8D11-00A0C91BC942}") = "Shader", "Shader\Shader.vcxproj", "{9633FF0E-6126-433C-ADBB-985EB0770B63}"
EndProject
Project("{8BC9CEB8-8B4A-11D0-8D11-00A0C91BC942}") = "Objects", "Objects\Objects.vcxproj", "{2E72648F-AEE3-451E-8C3D-F44229749FF2}"
EndProject
Project("{8BC9CEB8-8B4A-11D0-8D11-00A0C91BC942}") = "ImGui", "ImGui\ImGui.vcxproj", "{38370390-DFBB-407E-81DF-F81AE61D03C0}"
EndProject
Global
	GlobalSection(SolutionConfigurationPlatforms) = preSolution
		Debug|x64 = Debug|x64
		Debug|x86 = Debug|x86
		Release|x64 = Release|x64
		Release|x86 = Release|x86
	EndGlobalSection
	GlobalSection(ProjectConfigurationPlatforms) = postSolution
		{007B491E-E2B8-4BE9-ADF8-814B27F6F25B}.Debug|x64.ActiveCfg = Debug|x64
		{007B491E-E2B8-4BE9-ADF8-814B27F6F25B}.Debug|x64.Build.0 = Debug|x64
		{007B491E-E2B8-4BE9-ADF8-814B27F6F25B}.Debug|x86.ActiveCfg = Debug|Win32
		{007B491E-E2B8-4BE9-ADF8-814B27F6F25B}.Debug|x86.Build.0 = Debug|Win32
		{007B491E-E2B8-4BE9-ADF8-814B27F6F25B}.Release|x64.ActiveCfg = Release|x64
		{007B491E-E2B8-4BE9-ADF8-814B27F6F25B}.Release|x64.Build.0 = Release|x64
		{007B491E-E2B8-4BE9-ADF8-814B27F6F25B}.Release|x86.ActiveCfg = Release|Win32
		{007B491E-E2B8-4BE9-ADF8-814B27F6F25B}.Release|x86.Build.0 = Release|Win32
		{C854165A-647E-46DA-BD66-B3036275C560}.Debug|x64.ActiveCfg = Debug|x64
		{C854165A-647E-46DA-BD66-B3036275C560}.Debug|x64.Build.0 = Debug|x64
		{C854165A-647E-46DA-BD66-B3036275C560}.Debug|x86.ActiveCfg = Debug|Win32
		{C854165A-647E-46DA-BD66-B3036275C560}.Debug|x86.Build.0 = Debug|Win32
		{C854165A-647E-46DA-BD66-B3036275C560}.Release|x64.ActiveCfg = Release|x64
		{C854165A-647E-46DA-BD66-B3036275C560}.Release|x64.Build.0 = Release|x64
		{C854165A-647E-46DA-BD66-B3036275C560}.Release|x86.ActiveCfg = Release|Win32
		{C854165A-647E-46DA-BD66-B3036275C560}.Release|x86.Build.0 = Release|Win32
		{D0A50A8B-79C3-4639-BFE1-1C5297FD1C65}.Debug|x64.ActiveCfg = Debug|x64
		{D0A50A8B-79C3-4639-BFE1-1C5297FD1C65}.Debug|x64.Build.0 = Debug|x64
		{D0A50A8B-79C3-4639-BFE1-1C5297FD1C65}.Debug|x86.ActiveCfg = Debug|Win32
		{D0A50A8B-79C3-4639-BFE1-1C5297FD1C65}.Debug|x86.Build.0 = Debug|Win32
		{D0A50A8B-79C3-4639-BFE1-1C5297FD1C65}.Release|x64.ActiveCfg = Release|x64
		{D0A50A8B-79C3-4639-BFE1-1C5297FD1C65}.Release|x64.Build.0 = Release|x64
		{D0A50A8B-79C3-4639-BFE1-1C5297FD1C65}.Release|x86.ActiveCfg = Release|Win32
		{D0A50A8B-79C3-4639-BFE1-1C5297FD1C65}.Release|x86.Build.0 = Release|Win32
		{9633FF0E-6126-433C-ADBB-985EB0770B63}.Debug|x64.ActiveCfg = Debug|x64
		{9633FF0E-6126-433C-ADBB-985EB0770B63}.Debug|x64.Build.0 = Debug|x64
		{9633FF0E-6126-433C-ADBB-985EB0770B63}.Debug|x86.ActiveCfg = Debug|Win32
		{9633FF0E-6126-433C-ADBB-985EB0770B63}.Debug|x86.Build.0 = Debug|Win32
		{9633FF0E-6126-433C-ADBB-985EB0770B63}.Release|x64.ActiveCfg = Release|x64
		{9633FF0E-6126-433C-ADBB-985EB0770B63}.Release|x64.Build.0 = Release|x64
		{9633FF0E-6126-433C-ADBB-985EB0770B63}.Release|x86.ActiveCfg = Release|Win32
		{9633FF0E-6126-433C-ADBB-985EB0770B63}.Release|x86.Build.0 = Release|Win32
		{2E72648F-AEE3-451E-8C3D-F44229749FF2}.Debug|x64.ActiveCfg = Debug|x64
		{2E72648F-AEE3-451E-8C3D-F44229749FF2}.Debug|x64.Build.0 = Debug|x64
		{2E72648F-AEE3-451E-8C3D-F44229749FF2}.Debug|x86.ActiveCfg = Debug|Win32
		{2E72648F-AEE3-451E-8C3D-F44229749FF2}.Debug|x86.Build.0 = Debug|Win32
		{2E72648F-AEE3-451E-8C3D-F44229749FF2}.Release|x64.ActiveCfg = Release|x64
		{2E72648F-AEE3-451E-8C3D-F44229749FF2}.Release|x64.Build.0 = Release|x64
		{2E72648F-AEE3-451E-8C3D-F44229749FF2}.Release|x86.ActiveCfg = Release|Win32
		{2E72648F-AEE3-451E-8C3D-F44229749FF2}.Release|x86.Build.0 = Release|Win32
		{38370390-DFBB-407E-81DF-F81AE61D03C0}.Debug|x64.ActiveCfg = Debug|x64
		{38370390-DFBB-407E-81DF-F81AE61D03C0}.Debug|x64.Build.0 = Debug|x64
		{38370390-DFBB-407E-81DF-F81AE61D03C0}.Debug|x86.ActiveCfg = Debug|Win32
		{38370390-DFBB-407E-81DF-F81AE61D03C0}.Debug|x86.Build.0 = Debug|Win32
		{38370390-DFBB-407E-81DF-F81AE61D03C0}.Release|x64.ActiveCfg = Release|x64
		{38370390-DFBB-407E-81DF-F81AE61D03C0}.Release|x64.Build.0 = Release|x64
		{38370390-DFBB-407E-81DF-F81AE61D03C0}.Release|x86.ActiveCfg = Release|Win32
		{38370390-DFBB-407E-81DF-F81AE61D03C0}.Release|x86.Build.0 = Release|Win32
	EndGlobalSection
	GlobalSection(SolutionProperties) = preSolution
		HideSolutionNode = FALSE
	EndGlobalSection
	GlobalSection(ExtensibilityGlobals) = postSolution
		SolutionGuid = {D84E1FCD-AF9A-4AFA-81CE-42D54EB74907}
	EndGlobalSection
EndGlobal
